
Microsoft Visual Studio Solution File, Format Version 12.00
# Visual Studio 15
VisualStudioVersion = 15.0.26430.16
MinimumVisualStudioVersion = 10.0.40219.1
Project("{9A19103F-16F7-4668-BE54-9A1E7A4F7556}") = "Puppy.Coordinate", "Puppy.Coordinate\Puppy.Coordinate.csproj", "{F678E428-13D5-4C03-9065-8D067353405D}"
EndProject
Project("{9A19103F-16F7-4668-BE54-9A1E7A4F7556}") = "Puppy.AutoMapper", "Puppy.AutoMapper\Puppy.AutoMapper.csproj", "{ACDAF5FA-F5B3-4235-B703-9E9A7BFB64EC}"
EndProject
Project("{9A19103F-16F7-4668-BE54-9A1E7A4F7556}") = "Puppy.Core", "Puppy.Core\Puppy.Core.csproj", "{6E8E31B2-1DE5-46E9-82EE-F69622BBA40E}"
EndProject
Project("{9A19103F-16F7-4668-BE54-9A1E7A4F7556}") = "Puppy.DependencyInjection", "Puppy.DependencyInjection\Puppy.DependencyInjection.csproj", "{52FDEC90-0F5F-4CFF-A48C-04A2B0D4E803}"
EndProject
Project("{9A19103F-16F7-4668-BE54-9A1E7A4F7556}") = "Puppy.EF", "Puppy.EF\Puppy.EF.csproj", "{027A51BE-D9DD-4BC4-8A3C-D7BC290CECC2}"
EndProject
Project("{9A19103F-16F7-4668-BE54-9A1E7A4F7556}") = "Puppy.Elastic", "Puppy.Elastic\Puppy.Elastic.csproj", "{AEB32062-F732-4939-A26F-295DF4261475}"
EndProject
Project("{9A19103F-16F7-4668-BE54-9A1E7A4F7556}") = "Puppy.Web", "Puppy.Web\Puppy.Web.csproj", "{2703DD10-C4BB-4FA0-9380-45284EF6AAE0}"
EndProject
Project("{9A19103F-16F7-4668-BE54-9A1E7A4F7556}") = "Puppy.OneSignal", "Puppy.OneSignal\Puppy.OneSignal.csproj", "{EA86D671-68F8-426A-9DBF-2E689DDDE7EC}"
EndProject
Project("{9A19103F-16F7-4668-BE54-9A1E7A4F7556}") = "Puppy.RestSharp", "Puppy.RestSharp\Puppy.RestSharp.csproj", "{136E3808-89AF-4587-B6CD-73D6E92EFDF8}"
EndProject
Project("{2150E333-8FDC-42A3-9474-1A3956D46DE8}") = "Coordinate", "Coordinate", "{8444200A-A502-4503-B49E-801AE3CC781B}"
EndProject
Project("{2150E333-8FDC-42A3-9474-1A3956D46DE8}") = "Social", "Social", "{84DCA597-C2FD-4C5A-B7B3-87513048F791}"
EndProject
Project("{2150E333-8FDC-42A3-9474-1A3956D46DE8}") = "Search", "Search", "{0B0F47F4-04E5-46A9-A308-5462C808561B}"
EndProject
Project("{2150E333-8FDC-42A3-9474-1A3956D46DE8}") = "Data", "Data", "{CE3A9497-DA7C-469E-867F-A8A10AD1E424}"
EndProject
Project("{2150E333-8FDC-42A3-9474-1A3956D46DE8}") = "HttpRequest", "HttpRequest", "{71311E5D-ED2D-4AC3-B995-7B43A84CC868}"
EndProject
Project("{2150E333-8FDC-42A3-9474-1A3956D46DE8}") = "PushNotification", "PushNotification", "{5A6925B6-7F66-45A4-8356-14D0CEBB8CD8}"
EndProject
Project("{2150E333-8FDC-42A3-9474-1A3956D46DE8}") = "DependencyInjection", "DependencyInjection", "{E9E60854-26C7-48EC-9998-30DA9D10278D}"
EndProject
Project("{2150E333-8FDC-42A3-9474-1A3956D46DE8}") = "Web", "Web", "{05DEF65A-26C5-49D8-B28C-324549F7A3DB}"
EndProject
Project("{2150E333-8FDC-42A3-9474-1A3956D46DE8}") = "Mapper", "Mapper", "{5EC9985A-97CD-495C-ACDE-AA7DCA02ED22}"
EndProject
Project("{9A19103F-16F7-4668-BE54-9A1E7A4F7556}") = "Puppy.Instagram", "Puppy.Instagram\Puppy.Instagram.csproj", "{D3C5049E-AC8C-4279-8CED-6AC5AEA7869C}"
EndProject
Project("{9A19103F-16F7-4668-BE54-9A1E7A4F7556}") = "Puppy.GoogleMap", "Puppy.GoogleMap\Puppy.GoogleMap.csproj", "{A0D37EFF-2CDC-4D0C-B648-9BD35D1073E1}"
EndProject
Project("{2150E333-8FDC-42A3-9474-1A3956D46DE8}") = "Tool", "Tool", "{4BCD1F87-606C-4CE0-9537-6A645FECE77E}"
EndProject
Project("{FAE04EC0-301F-11D3-BF4B-00C04F79EFBC}") = "Puppy.Cleaner", "Puppy.Cleaner\Puppy.Cleaner.csproj", "{A0A4B87F-FB16-4507-95C7-60B8EEDE38D8}"
EndProject
Project("{FAE04EC0-301F-11D3-BF4B-00C04F79EFBC}") = "Puppy.Cloner", "Puppy.Cloner\Puppy.Cloner.csproj", "{559BFF8E-CC1B-42C3-8761-480CF4269BA6}"
EndProject
Global
	GlobalSection(SolutionConfigurationPlatforms) = preSolution
		Debug|Any CPU = Debug|Any CPU
		Release|Any CPU = Release|Any CPU
	EndGlobalSection
	GlobalSection(ProjectConfigurationPlatforms) = postSolution
		{F678E428-13D5-4C03-9065-8D067353405D}.Debug|Any CPU.ActiveCfg = Debug|Any CPU
		{F678E428-13D5-4C03-9065-8D067353405D}.Debug|Any CPU.Build.0 = Debug|Any CPU
		{F678E428-13D5-4C03-9065-8D067353405D}.Release|Any CPU.ActiveCfg = Release|Any CPU
		{F678E428-13D5-4C03-9065-8D067353405D}.Release|Any CPU.Build.0 = Release|Any CPU
		{ACDAF5FA-F5B3-4235-B703-9E9A7BFB64EC}.Debug|Any CPU.ActiveCfg = Debug|Any CPU
		{ACDAF5FA-F5B3-4235-B703-9E9A7BFB64EC}.Debug|Any CPU.Build.0 = Debug|Any CPU
		{ACDAF5FA-F5B3-4235-B703-9E9A7BFB64EC}.Release|Any CPU.ActiveCfg = Release|Any CPU
		{ACDAF5FA-F5B3-4235-B703-9E9A7BFB64EC}.Release|Any CPU.Build.0 = Release|Any CPU
		{6E8E31B2-1DE5-46E9-82EE-F69622BBA40E}.Debug|Any CPU.ActiveCfg = Debug|Any CPU
		{6E8E31B2-1DE5-46E9-82EE-F69622BBA40E}.Debug|Any CPU.Build.0 = Debug|Any CPU
		{6E8E31B2-1DE5-46E9-82EE-F69622BBA40E}.Release|Any CPU.ActiveCfg = Release|Any CPU
		{6E8E31B2-1DE5-46E9-82EE-F69622BBA40E}.Release|Any CPU.Build.0 = Release|Any CPU
		{52FDEC90-0F5F-4CFF-A48C-04A2B0D4E803}.Debug|Any CPU.ActiveCfg = Debug|Any CPU
		{52FDEC90-0F5F-4CFF-A48C-04A2B0D4E803}.Debug|Any CPU.Build.0 = Debug|Any CPU
		{52FDEC90-0F5F-4CFF-A48C-04A2B0D4E803}.Release|Any CPU.ActiveCfg = Release|Any CPU
		{52FDEC90-0F5F-4CFF-A48C-04A2B0D4E803}.Release|Any CPU.Build.0 = Release|Any CPU
		{027A51BE-D9DD-4BC4-8A3C-D7BC290CECC2}.Debug|Any CPU.ActiveCfg = Debug|Any CPU
		{027A51BE-D9DD-4BC4-8A3C-D7BC290CECC2}.Debug|Any CPU.Build.0 = Debug|Any CPU
		{027A51BE-D9DD-4BC4-8A3C-D7BC290CECC2}.Release|Any CPU.ActiveCfg = Release|Any CPU
		{027A51BE-D9DD-4BC4-8A3C-D7BC290CECC2}.Release|Any CPU.Build.0 = Release|Any CPU
		{AEB32062-F732-4939-A26F-295DF4261475}.Debug|Any CPU.ActiveCfg = Debug|Any CPU
		{AEB32062-F732-4939-A26F-295DF4261475}.Debug|Any CPU.Build.0 = Debug|Any CPU
		{AEB32062-F732-4939-A26F-295DF4261475}.Release|Any CPU.ActiveCfg = Release|Any CPU
		{AEB32062-F732-4939-A26F-295DF4261475}.Release|Any CPU.Build.0 = Release|Any CPU
		{2703DD10-C4BB-4FA0-9380-45284EF6AAE0}.Debug|Any CPU.ActiveCfg = Debug|Any CPU
		{2703DD10-C4BB-4FA0-9380-45284EF6AAE0}.Debug|Any CPU.Build.0 = Debug|Any CPU
		{2703DD10-C4BB-4FA0-9380-45284EF6AAE0}.Release|Any CPU.ActiveCfg = Release|Any CPU
		{2703DD10-C4BB-4FA0-9380-45284EF6AAE0}.Release|Any CPU.Build.0 = Release|Any CPU
		{EA86D671-68F8-426A-9DBF-2E689DDDE7EC}.Debug|Any CPU.ActiveCfg = Debug|Any CPU
		{EA86D671-68F8-426A-9DBF-2E689DDDE7EC}.Debug|Any CPU.Build.0 = Debug|Any CPU
		{EA86D671-68F8-426A-9DBF-2E689DDDE7EC}.Release|Any CPU.ActiveCfg = Release|Any CPU
		{EA86D671-68F8-426A-9DBF-2E689DDDE7EC}.Release|Any CPU.Build.0 = Release|Any CPU
		{136E3808-89AF-4587-B6CD-73D6E92EFDF8}.Debug|Any CPU.ActiveCfg = Debug|Any CPU
		{136E3808-89AF-4587-B6CD-73D6E92EFDF8}.Debug|Any CPU.Build.0 = Debug|Any CPU
		{136E3808-89AF-4587-B6CD-73D6E92EFDF8}.Release|Any CPU.ActiveCfg = Release|Any CPU
		{136E3808-89AF-4587-B6CD-73D6E92EFDF8}.Release|Any CPU.Build.0 = Release|Any CPU
		{D3C5049E-AC8C-4279-8CED-6AC5AEA7869C}.Debug|Any CPU.ActiveCfg = Debug|Any CPU
		{D3C5049E-AC8C-4279-8CED-6AC5AEA7869C}.Debug|Any CPU.Build.0 = Debug|Any CPU
		{D3C5049E-AC8C-4279-8CED-6AC5AEA7869C}.Release|Any CPU.ActiveCfg = Release|Any CPU
		{D3C5049E-AC8C-4279-8CED-6AC5AEA7869C}.Release|Any CPU.Build.0 = Release|Any CPU
		{A0D37EFF-2CDC-4D0C-B648-9BD35D1073E1}.Debug|Any CPU.ActiveCfg = Debug|Any CPU
		{A0D37EFF-2CDC-4D0C-B648-9BD35D1073E1}.Debug|Any CPU.Build.0 = Debug|Any CPU
		{A0D37EFF-2CDC-4D0C-B648-9BD35D1073E1}.Release|Any CPU.ActiveCfg = Release|Any CPU
		{A0D37EFF-2CDC-4D0C-B648-9BD35D1073E1}.Release|Any CPU.Build.0 = Release|Any CPU
		{A0A4B87F-FB16-4507-95C7-60B8EEDE38D8}.Debug|Any CPU.ActiveCfg = Debug|Any CPU
		{A0A4B87F-FB16-4507-95C7-60B8EEDE38D8}.Debug|Any CPU.Build.0 = Debug|Any CPU
		{A0A4B87F-FB16-4507-95C7-60B8EEDE38D8}.Release|Any CPU.ActiveCfg = Release|Any CPU
		{A0A4B87F-FB16-4507-95C7-60B8EEDE38D8}.Release|Any CPU.Build.0 = Release|Any CPU
		{559BFF8E-CC1B-42C3-8761-480CF4269BA6}.Debug|Any CPU.ActiveCfg = Debug|Any CPU
		{559BFF8E-CC1B-42C3-8761-480CF4269BA6}.Debug|Any CPU.Build.0 = Debug|Any CPU
		{559BFF8E-CC1B-42C3-8761-480CF4269BA6}.Release|Any CPU.ActiveCfg = Release|Any CPU
		{559BFF8E-CC1B-42C3-8761-480CF4269BA6}.Release|Any CPU.Build.0 = Release|Any CPU
	EndGlobalSection
	GlobalSection(SolutionProperties) = preSolution
		HideSolutionNode = FALSE
	EndGlobalSection
	GlobalSection(NestedProjects) = preSolution
		{F678E428-13D5-4C03-9065-8D067353405D} = {8444200A-A502-4503-B49E-801AE3CC781B}
		{ACDAF5FA-F5B3-4235-B703-9E9A7BFB64EC} = {5EC9985A-97CD-495C-ACDE-AA7DCA02ED22}
		{52FDEC90-0F5F-4CFF-A48C-04A2B0D4E803} = {E9E60854-26C7-48EC-9998-30DA9D10278D}
		{027A51BE-D9DD-4BC4-8A3C-D7BC290CECC2} = {CE3A9497-DA7C-469E-867F-A8A10AD1E424}
		{AEB32062-F732-4939-A26F-295DF4261475} = {0B0F47F4-04E5-46A9-A308-5462C808561B}
		{2703DD10-C4BB-4FA0-9380-45284EF6AAE0} = {05DEF65A-26C5-49D8-B28C-324549F7A3DB}
		{EA86D671-68F8-426A-9DBF-2E689DDDE7EC} = {5A6925B6-7F66-45A4-8356-14D0CEBB8CD8}
		{136E3808-89AF-4587-B6CD-73D6E92EFDF8} = {71311E5D-ED2D-4AC3-B995-7B43A84CC868}
		{D3C5049E-AC8C-4279-8CED-6AC5AEA7869C} = {84DCA597-C2FD-4C5A-B7B3-87513048F791}
		{A0D37EFF-2CDC-4D0C-B648-9BD35D1073E1} = {8444200A-A502-4503-B49E-801AE3CC781B}
		{A0A4B87F-FB16-4507-95C7-60B8EEDE38D8} = {4BCD1F87-606C-4CE0-9537-6A645FECE77E}
		{559BFF8E-CC1B-42C3-8761-480CF4269BA6} = {4BCD1F87-606C-4CE0-9537-6A645FECE77E}
	EndGlobalSection
EndGlobal
