
Microsoft Visual Studio Solution File, Format Version 12.00
# Visual Studio 15
VisualStudioVersion = 15.0.26228.9
MinimumVisualStudioVersion = 10.0.40219.1
Project("{FAE04EC0-301F-11D3-BF4B-00C04F79EFBC}") = "TopCore.WebAPI", "TopCore.WebAPI\TopCore.WebAPI.csproj", "{FDAF49AC-B1D2-492C-A7E7-137EA19BB00C}"
EndProject
Project("{2150E333-8FDC-42A3-9474-1A3956D46DE8}") = "1. API", "1. API", "{E9E0E23C-8584-46E1-9C51-33C3E699A39C}"
EndProject
Project("{2150E333-8FDC-42A3-9474-1A3956D46DE8}") = "2. BLL", "2. BLL", "{9ABEABAC-0375-4CAA-9166-577A74878433}"
EndProject
Project("{2150E333-8FDC-42A3-9474-1A3956D46DE8}") = "3. DAL", "3. DAL", "{51CABEFC-3C8B-4599-88FB-D3E29734B372}"
EndProject
Global
	GlobalSection(SolutionConfigurationPlatforms) = preSolution
		Debug|Any CPU = Debug|Any CPU
		Release|Any CPU = Release|Any CPU
	EndGlobalSection
	GlobalSection(ProjectConfigurationPlatforms) = postSolution
		{FDAF49AC-B1D2-492C-A7E7-137EA19BB00C}.Debug|Any CPU.ActiveCfg = Debug|Any CPU
		{FDAF49AC-B1D2-492C-A7E7-137EA19BB00C}.Debug|Any CPU.Build.0 = Debug|Any CPU
		{FDAF49AC-B1D2-492C-A7E7-137EA19BB00C}.Release|Any CPU.ActiveCfg = Release|Any CPU
		{FDAF49AC-B1D2-492C-A7E7-137EA19BB00C}.Release|Any CPU.Build.0 = Release|Any CPU
	EndGlobalSection
	GlobalSection(SolutionProperties) = preSolution
		HideSolutionNode = FALSE
	EndGlobalSection
	GlobalSection(NestedProjects) = preSolution
		{FDAF49AC-B1D2-492C-A7E7-137EA19BB00C} = {E9E0E23C-8584-46E1-9C51-33C3E699A39C}
	EndGlobalSection
EndGlobal
