
Microsoft Visual Studio Solution File, Format Version 12.00
# Visual Studio 15
VisualStudioVersion = 15.0.26228.9
MinimumVisualStudioVersion = 10.0.40219.1
Project("{9A19103F-16F7-4668-BE54-9A1E7A4F7556}") = "TopCore.WebAPI", "TopCore.WebAPI\TopCore.WebAPI.csproj", "{FDAF49AC-B1D2-492C-A7E7-137EA19BB00C}"
EndProject
Project("{2150E333-8FDC-42A3-9474-1A3956D46DE8}") = "1. API", "1. API", "{E9E0E23C-8584-46E1-9C51-33C3E699A39C}"
EndProject
Project("{2150E333-8FDC-42A3-9474-1A3956D46DE8}") = "2. BLL", "2. BLL", "{9ABEABAC-0375-4CAA-9166-577A74878433}"
EndProject
Project("{2150E333-8FDC-42A3-9474-1A3956D46DE8}") = "3. DAL", "3. DAL", "{51CABEFC-3C8B-4599-88FB-D3E29734B372}"
EndProject
Project("{2150E333-8FDC-42A3-9474-1A3956D46DE8}") = "4. DOMAIN", "4. DOMAIN", "{6126AA32-418B-454E-BB37-4478C308E5AD}"
EndProject
Project("{2150E333-8FDC-42A3-9474-1A3956D46DE8}") = "5. FRAMEWORK", "5. FRAMEWORK", "{1BAE0076-5EFF-432E-AB14-06CC66B6BF90}"
EndProject
Project("{FAE04EC0-301F-11D3-BF4B-00C04F79EFBC}") = "TopCore.Framework.Web", "TopCore.Framework.Web\TopCore.Framework.Web.csproj", "{ED1C3DAB-DB4B-493C-A00E-C16715C5B32A}"
EndProject
Project("{FAE04EC0-301F-11D3-BF4B-00C04F79EFBC}") = "TopCore.Framework.Core", "TopCore.Framework.Core\TopCore.Framework.Core.csproj", "{1DDD9F0E-76FA-4948-B4DD-C595DAC52A7C}"
EndProject
Project("{FAE04EC0-301F-11D3-BF4B-00C04F79EFBC}") = "TopCore.DAL", "TopCore.DAL\TopCore.DAL.csproj", "{54131D1D-4721-49B8-8CD5-18B4E194782A}"
EndProject
Global
	GlobalSection(SolutionConfigurationPlatforms) = preSolution
		Debug|Any CPU = Debug|Any CPU
		Release|Any CPU = Release|Any CPU
	EndGlobalSection
	GlobalSection(ProjectConfigurationPlatforms) = postSolution
		{FDAF49AC-B1D2-492C-A7E7-137EA19BB00C}.Debug|Any CPU.ActiveCfg = Debug|Any CPU
		{FDAF49AC-B1D2-492C-A7E7-137EA19BB00C}.Debug|Any CPU.Build.0 = Debug|Any CPU
		{FDAF49AC-B1D2-492C-A7E7-137EA19BB00C}.Release|Any CPU.ActiveCfg = Release|Any CPU
		{FDAF49AC-B1D2-492C-A7E7-137EA19BB00C}.Release|Any CPU.Build.0 = Release|Any CPU
		{ED1C3DAB-DB4B-493C-A00E-C16715C5B32A}.Debug|Any CPU.ActiveCfg = Debug|Any CPU
		{ED1C3DAB-DB4B-493C-A00E-C16715C5B32A}.Debug|Any CPU.Build.0 = Debug|Any CPU
		{ED1C3DAB-DB4B-493C-A00E-C16715C5B32A}.Release|Any CPU.ActiveCfg = Release|Any CPU
		{ED1C3DAB-DB4B-493C-A00E-C16715C5B32A}.Release|Any CPU.Build.0 = Release|Any CPU
		{1DDD9F0E-76FA-4948-B4DD-C595DAC52A7C}.Debug|Any CPU.ActiveCfg = Debug|Any CPU
		{1DDD9F0E-76FA-4948-B4DD-C595DAC52A7C}.Debug|Any CPU.Build.0 = Debug|Any CPU
		{1DDD9F0E-76FA-4948-B4DD-C595DAC52A7C}.Release|Any CPU.ActiveCfg = Release|Any CPU
		{1DDD9F0E-76FA-4948-B4DD-C595DAC52A7C}.Release|Any CPU.Build.0 = Release|Any CPU
		{54131D1D-4721-49B8-8CD5-18B4E194782A}.Debug|Any CPU.ActiveCfg = Debug|Any CPU
		{54131D1D-4721-49B8-8CD5-18B4E194782A}.Debug|Any CPU.Build.0 = Debug|Any CPU
		{54131D1D-4721-49B8-8CD5-18B4E194782A}.Release|Any CPU.ActiveCfg = Release|Any CPU
		{54131D1D-4721-49B8-8CD5-18B4E194782A}.Release|Any CPU.Build.0 = Release|Any CPU
	EndGlobalSection
	GlobalSection(SolutionProperties) = preSolution
		HideSolutionNode = FALSE
	EndGlobalSection
	GlobalSection(NestedProjects) = preSolution
		{FDAF49AC-B1D2-492C-A7E7-137EA19BB00C} = {E9E0E23C-8584-46E1-9C51-33C3E699A39C}
		{ED1C3DAB-DB4B-493C-A00E-C16715C5B32A} = {1BAE0076-5EFF-432E-AB14-06CC66B6BF90}
		{1DDD9F0E-76FA-4948-B4DD-C595DAC52A7C} = {1BAE0076-5EFF-432E-AB14-06CC66B6BF90}
		{54131D1D-4721-49B8-8CD5-18B4E194782A} = {51CABEFC-3C8B-4599-88FB-D3E29734B372}
	EndGlobalSection
EndGlobal
