
Microsoft Visual Studio Solution File, Format Version 12.00
# Visual Studio 15
VisualStudioVersion = 15.0.26228.10
MinimumVisualStudioVersion = 10.0.40219.1
Project("{2150E333-8FDC-42A3-9474-1A3956D46DE8}") = "1. API", "1. API", "{E9E0E23C-8584-46E1-9C51-33C3E699A39C}"
EndProject
Project("{9A19103F-16F7-4668-BE54-9A1E7A4F7556}") = "TopCore.WebAPI", "TopCore.WebAPI\TopCore.WebAPI.csproj", "{FDAF49AC-B1D2-492C-A7E7-137EA19BB00C}"
EndProject
Project("{2150E333-8FDC-42A3-9474-1A3956D46DE8}") = "2. SERVICE", "2. SERVICE", "{61D58289-3E2A-4D42-969D-F71CFC28D462}"
EndProject
Project("{FAE04EC0-301F-11D3-BF4B-00C04F79EFBC}") = "TopCore.Service", "TopCore.Service\TopCore.Service.csproj", "{E88A84C2-6E76-4535-ACB6-59605DE8A80A}"
EndProject
Project("{FAE04EC0-301F-11D3-BF4B-00C04F79EFBC}") = "TopCore.Service.Facade", "TopCore.Service.Facade\TopCore.Service.Facade.csproj", "{3EB28BF2-4207-4520-A73E-8D1093665814}"
EndProject
Project("{2150E333-8FDC-42A3-9474-1A3956D46DE8}") = "3. BLL", "3. BLL", "{9ABEABAC-0375-4CAA-9166-577A74878433}"
EndProject
Project("{FAE04EC0-301F-11D3-BF4B-00C04F79EFBC}") = "TopCore.Business", "TopCore.Business\TopCore.Business.csproj", "{BA4FB700-3F62-4054-A53A-B7FCDD2C60C0}"
EndProject
Project("{FAE04EC0-301F-11D3-BF4B-00C04F79EFBC}") = "TopCore.Business.Logic", "TopCore.Business.Logic\TopCore.Business.Logic.csproj", "{8C5FE621-7A92-4942-959C-752BE6D8F074}"
EndProject
Project("{2150E333-8FDC-42A3-9474-1A3956D46DE8}") = "4. DAL", "4. DAL", "{51CABEFC-3C8B-4599-88FB-D3E29734B372}"
EndProject
Project("{FAE04EC0-301F-11D3-BF4B-00C04F79EFBC}") = "TopCore.Data", "TopCore.Data\TopCore.Data.csproj", "{4C2BA34E-B545-48CC-8C80-E8B1C41605DE}"
EndProject
Project("{9A19103F-16F7-4668-BE54-9A1E7A4F7556}") = "TopCore.Data.EF", "TopCore.Data.EF\TopCore.Data.EF.csproj", "{54131D1D-4721-49B8-8CD5-18B4E194782A}"
EndProject
Project("{2150E333-8FDC-42A3-9474-1A3956D46DE8}") = "5. CORE", "5. CORE", "{6126AA32-418B-454E-BB37-4478C308E5AD}"
EndProject
Project("{FAE04EC0-301F-11D3-BF4B-00C04F79EFBC}") = "TopCore.Core", "TopCore.Core\TopCore.Core.csproj", "{3DAA7A7B-00D3-4441-B7BA-3333A49F3C5F}"
EndProject
Project("{2150E333-8FDC-42A3-9474-1A3956D46DE8}") = "FRAMEWORK", "FRAMEWORK", "{1BAE0076-5EFF-432E-AB14-06CC66B6BF90}"
EndProject
Project("{9A19103F-16F7-4668-BE54-9A1E7A4F7556}") = "TopCore.Framework.Core", "TopCore.Framework.Core\TopCore.Framework.Core.csproj", "{1DDD9F0E-76FA-4948-B4DD-C595DAC52A7C}"
EndProject
Project("{9A19103F-16F7-4668-BE54-9A1E7A4F7556}") = "TopCore.Framework.Web", "TopCore.Framework.Web\TopCore.Framework.Web.csproj", "{ED1C3DAB-DB4B-493C-A00E-C16715C5B32A}"
EndProject
Global
	GlobalSection(SolutionConfigurationPlatforms) = preSolution
		Debug|Any CPU = Debug|Any CPU
		Release|Any CPU = Release|Any CPU
	EndGlobalSection
	GlobalSection(ProjectConfigurationPlatforms) = postSolution
		{FDAF49AC-B1D2-492C-A7E7-137EA19BB00C}.Debug|Any CPU.ActiveCfg = Debug|Any CPU
		{FDAF49AC-B1D2-492C-A7E7-137EA19BB00C}.Debug|Any CPU.Build.0 = Debug|Any CPU
		{FDAF49AC-B1D2-492C-A7E7-137EA19BB00C}.Release|Any CPU.ActiveCfg = Release|Any CPU
		{FDAF49AC-B1D2-492C-A7E7-137EA19BB00C}.Release|Any CPU.Build.0 = Release|Any CPU
		{BA4FB700-3F62-4054-A53A-B7FCDD2C60C0}.Debug|Any CPU.ActiveCfg = Debug|Any CPU
		{BA4FB700-3F62-4054-A53A-B7FCDD2C60C0}.Debug|Any CPU.Build.0 = Debug|Any CPU
		{BA4FB700-3F62-4054-A53A-B7FCDD2C60C0}.Release|Any CPU.ActiveCfg = Release|Any CPU
		{BA4FB700-3F62-4054-A53A-B7FCDD2C60C0}.Release|Any CPU.Build.0 = Release|Any CPU
		{4C2BA34E-B545-48CC-8C80-E8B1C41605DE}.Debug|Any CPU.ActiveCfg = Debug|Any CPU
		{4C2BA34E-B545-48CC-8C80-E8B1C41605DE}.Debug|Any CPU.Build.0 = Debug|Any CPU
		{4C2BA34E-B545-48CC-8C80-E8B1C41605DE}.Release|Any CPU.ActiveCfg = Release|Any CPU
		{4C2BA34E-B545-48CC-8C80-E8B1C41605DE}.Release|Any CPU.Build.0 = Release|Any CPU
		{54131D1D-4721-49B8-8CD5-18B4E194782A}.Debug|Any CPU.ActiveCfg = Debug|Any CPU
		{54131D1D-4721-49B8-8CD5-18B4E194782A}.Debug|Any CPU.Build.0 = Debug|Any CPU
		{54131D1D-4721-49B8-8CD5-18B4E194782A}.Release|Any CPU.ActiveCfg = Release|Any CPU
		{54131D1D-4721-49B8-8CD5-18B4E194782A}.Release|Any CPU.Build.0 = Release|Any CPU
		{3DAA7A7B-00D3-4441-B7BA-3333A49F3C5F}.Debug|Any CPU.ActiveCfg = Debug|Any CPU
		{3DAA7A7B-00D3-4441-B7BA-3333A49F3C5F}.Debug|Any CPU.Build.0 = Debug|Any CPU
		{3DAA7A7B-00D3-4441-B7BA-3333A49F3C5F}.Release|Any CPU.ActiveCfg = Release|Any CPU
		{3DAA7A7B-00D3-4441-B7BA-3333A49F3C5F}.Release|Any CPU.Build.0 = Release|Any CPU
		{1DDD9F0E-76FA-4948-B4DD-C595DAC52A7C}.Debug|Any CPU.ActiveCfg = Debug|Any CPU
		{1DDD9F0E-76FA-4948-B4DD-C595DAC52A7C}.Debug|Any CPU.Build.0 = Debug|Any CPU
		{1DDD9F0E-76FA-4948-B4DD-C595DAC52A7C}.Release|Any CPU.ActiveCfg = Release|Any CPU
		{1DDD9F0E-76FA-4948-B4DD-C595DAC52A7C}.Release|Any CPU.Build.0 = Release|Any CPU
		{ED1C3DAB-DB4B-493C-A00E-C16715C5B32A}.Debug|Any CPU.ActiveCfg = Debug|Any CPU
		{ED1C3DAB-DB4B-493C-A00E-C16715C5B32A}.Debug|Any CPU.Build.0 = Debug|Any CPU
		{ED1C3DAB-DB4B-493C-A00E-C16715C5B32A}.Release|Any CPU.ActiveCfg = Release|Any CPU
		{ED1C3DAB-DB4B-493C-A00E-C16715C5B32A}.Release|Any CPU.Build.0 = Release|Any CPU
		{8C5FE621-7A92-4942-959C-752BE6D8F074}.Debug|Any CPU.ActiveCfg = Debug|Any CPU
		{8C5FE621-7A92-4942-959C-752BE6D8F074}.Debug|Any CPU.Build.0 = Debug|Any CPU
		{8C5FE621-7A92-4942-959C-752BE6D8F074}.Release|Any CPU.ActiveCfg = Release|Any CPU
		{8C5FE621-7A92-4942-959C-752BE6D8F074}.Release|Any CPU.Build.0 = Release|Any CPU
		{E88A84C2-6E76-4535-ACB6-59605DE8A80A}.Debug|Any CPU.ActiveCfg = Debug|Any CPU
		{E88A84C2-6E76-4535-ACB6-59605DE8A80A}.Debug|Any CPU.Build.0 = Debug|Any CPU
		{E88A84C2-6E76-4535-ACB6-59605DE8A80A}.Release|Any CPU.ActiveCfg = Release|Any CPU
		{E88A84C2-6E76-4535-ACB6-59605DE8A80A}.Release|Any CPU.Build.0 = Release|Any CPU
		{3EB28BF2-4207-4520-A73E-8D1093665814}.Debug|Any CPU.ActiveCfg = Debug|Any CPU
		{3EB28BF2-4207-4520-A73E-8D1093665814}.Debug|Any CPU.Build.0 = Debug|Any CPU
		{3EB28BF2-4207-4520-A73E-8D1093665814}.Release|Any CPU.ActiveCfg = Release|Any CPU
		{3EB28BF2-4207-4520-A73E-8D1093665814}.Release|Any CPU.Build.0 = Release|Any CPU
	EndGlobalSection
	GlobalSection(SolutionProperties) = preSolution
		HideSolutionNode = FALSE
	EndGlobalSection
	GlobalSection(NestedProjects) = preSolution
		{FDAF49AC-B1D2-492C-A7E7-137EA19BB00C} = {E9E0E23C-8584-46E1-9C51-33C3E699A39C}
		{BA4FB700-3F62-4054-A53A-B7FCDD2C60C0} = {9ABEABAC-0375-4CAA-9166-577A74878433}
		{4C2BA34E-B545-48CC-8C80-E8B1C41605DE} = {51CABEFC-3C8B-4599-88FB-D3E29734B372}
		{54131D1D-4721-49B8-8CD5-18B4E194782A} = {51CABEFC-3C8B-4599-88FB-D3E29734B372}
		{3DAA7A7B-00D3-4441-B7BA-3333A49F3C5F} = {6126AA32-418B-454E-BB37-4478C308E5AD}
		{1DDD9F0E-76FA-4948-B4DD-C595DAC52A7C} = {1BAE0076-5EFF-432E-AB14-06CC66B6BF90}
		{ED1C3DAB-DB4B-493C-A00E-C16715C5B32A} = {1BAE0076-5EFF-432E-AB14-06CC66B6BF90}
		{8C5FE621-7A92-4942-959C-752BE6D8F074} = {9ABEABAC-0375-4CAA-9166-577A74878433}
		{E88A84C2-6E76-4535-ACB6-59605DE8A80A} = {61D58289-3E2A-4D42-969D-F71CFC28D462}
		{3EB28BF2-4207-4520-A73E-8D1093665814} = {61D58289-3E2A-4D42-969D-F71CFC28D462}
	EndGlobalSection
EndGlobal
