
Microsoft Visual Studio Solution File, Format Version 12.00
# Visual Studio 15
VisualStudioVersion = 15.0.26228.10
MinimumVisualStudioVersion = 10.0.40219.1
Project("{2150E333-8FDC-42A3-9474-1A3956D46DE8}") = "1. WEB", "1. WEB", "{F6F7E817-1E05-4327-84B3-60C07CC69AF0}"
EndProject
Project("{9A19103F-16F7-4668-BE54-9A1E7A4F7556}") = "TopCore.SSO", "TopCore.SSO\TopCore.SSO.csproj", "{931EE8AB-828E-49FC-BC1D-FC2B05F52D50}"
EndProject

Project("{2150E333-8FDC-42A3-9474-1A3956D46DE8}") = "2. SERVICE", "2. SERVICE", "{19EFE5DF-E8E7-4604-AF6B-FB212A4C4D8B}"
EndProject
Project("{9A19103F-16F7-4668-BE54-9A1E7A4F7556}") = "TopCore.SSO.Service", "TopCore.SSO.Service\TopCore.SSO.Service.csproj", "{5A30FBC3-554B-43E3-837E-051176BB0958}"
EndProject
Project("{9A19103F-16F7-4668-BE54-9A1E7A4F7556}") = "TopCore.SSO.Service.Facade", "TopCore.SSO.Service.Facade\TopCore.SSO.Service.Facade.csproj", "{B925D9D4-79B1-45A8-B268-A03B0E67E5D9}"
EndProject

Project("{2150E333-8FDC-42A3-9474-1A3956D46DE8}") = "3. BLL", "3. BLL", "{D10EC8E0-360A-42A9-BA3E-205DD8C202A4}"
EndProject
Project("{9A19103F-16F7-4668-BE54-9A1E7A4F7556}") = "TopCore.SSO.Business", "TopCore.SSO.Business\TopCore.SSO.Business.csproj", "{03586D25-DD26-4CB6-BCDD-E3BB8B622EA1}"
EndProject
Project("{9A19103F-16F7-4668-BE54-9A1E7A4F7556}") = "TopCore.SSO.Business.Logic", "TopCore.SSO.Business.Logic\TopCore.SSO.Business.Logic.csproj", "{01C25581-9344-4744-B07F-83793D0F63D1}"
EndProject

Project("{2150E333-8FDC-42A3-9474-1A3956D46DE8}") = "4. DAL", "4. DAL", "{37392F80-20B8-4A9D-B741-0F99F8E452DE}"
EndProject
Project("{9A19103F-16F7-4668-BE54-9A1E7A4F7556}") = "TopCore.SSO.Data", "TopCore.SSO.Data\TopCore.SSO.Data.csproj", "{DFEB8AD1-AB21-432C-832C-668F3677ADE7}"
EndProject
Project("{9A19103F-16F7-4668-BE54-9A1E7A4F7556}") = "TopCore.SSO.Data.EF", "TopCore.SSO.Data.EF\TopCore.SSO.Data.EF.csproj", "{0FB6D4DB-6A13-4B73-AA79-160740F1AA52}"
EndProject

Project("{2150E333-8FDC-42A3-9474-1A3956D46DE8}") = "5. CORE", "5. CORE", "{F86E1D22-77E3-42E2-9471-23C4E9EA0B30}"
EndProject
Project("{9A19103F-16F7-4668-BE54-9A1E7A4F7556}") = "TopCore.SSO.Core", "TopCore.SSO.Core\TopCore.SSO.Core.csproj", "{10024759-118B-449E-A08F-944FCB4EF597}"
EndProject

Project("{2150E333-8FDC-42A3-9474-1A3956D46DE8}") = "FRAMEWORK", "FRAMEWORK", "{49C2D5E7-52D5-4EED-95B7-7DAF0276D205}"
EndProject
Project("{9A19103F-16F7-4668-BE54-9A1E7A4F7556}") = "TopCore.Framework.Core", "..\TopCore.Framework\TopCore.Framework.Core\TopCore.Framework.Core.csproj", "{A377039B-2C47-4C9C-B4A2-D42A0601471C}"
EndProject
Project("{9A19103F-16F7-4668-BE54-9A1E7A4F7556}") = "TopCore.Framework.DependencyInjection", "..\TopCore.Framework\TopCore.Framework.DependencyInjection\TopCore.Framework.DependencyInjection.csproj", "{0A899E3F-DEED-4D7F-B98F-0C74D079F4B8}"
EndProject
Project("{9A19103F-16F7-4668-BE54-9A1E7A4F7556}") = "TopCore.Framework.Web", "..\TopCore.Framework\TopCore.Framework.Web\TopCore.Framework.Web.csproj", "{5F1B78CE-4D5A-4788-B22F-6A038F495E1D}"
EndProject

Global
	GlobalSection(SolutionConfigurationPlatforms) = preSolution
		Debug|Any CPU = Debug|Any CPU
		Release|Any CPU = Release|Any CPU
	EndGlobalSection
	GlobalSection(ProjectConfigurationPlatforms) = postSolution
		{931EE8AB-828E-49FC-BC1D-FC2B05F52D50}.Debug|Any CPU.ActiveCfg = Debug|Any CPU
		{931EE8AB-828E-49FC-BC1D-FC2B05F52D50}.Debug|Any CPU.Build.0 = Debug|Any CPU
		{931EE8AB-828E-49FC-BC1D-FC2B05F52D50}.Release|Any CPU.ActiveCfg = Release|Any CPU
		{931EE8AB-828E-49FC-BC1D-FC2B05F52D50}.Release|Any CPU.Build.0 = Release|Any CPU
		{03586D25-DD26-4CB6-BCDD-E3BB8B622EA1}.Debug|Any CPU.ActiveCfg = Debug|Any CPU
		{03586D25-DD26-4CB6-BCDD-E3BB8B622EA1}.Debug|Any CPU.Build.0 = Debug|Any CPU
		{03586D25-DD26-4CB6-BCDD-E3BB8B622EA1}.Release|Any CPU.ActiveCfg = Release|Any CPU
		{03586D25-DD26-4CB6-BCDD-E3BB8B622EA1}.Release|Any CPU.Build.0 = Release|Any CPU
		{01C25581-9344-4744-B07F-83793D0F63D1}.Debug|Any CPU.ActiveCfg = Debug|Any CPU
		{01C25581-9344-4744-B07F-83793D0F63D1}.Debug|Any CPU.Build.0 = Debug|Any CPU
		{01C25581-9344-4744-B07F-83793D0F63D1}.Release|Any CPU.ActiveCfg = Release|Any CPU
		{01C25581-9344-4744-B07F-83793D0F63D1}.Release|Any CPU.Build.0 = Release|Any CPU
		{10024759-118B-449E-A08F-944FCB4EF597}.Debug|Any CPU.ActiveCfg = Debug|Any CPU
		{10024759-118B-449E-A08F-944FCB4EF597}.Debug|Any CPU.Build.0 = Debug|Any CPU
		{10024759-118B-449E-A08F-944FCB4EF597}.Release|Any CPU.ActiveCfg = Release|Any CPU
		{10024759-118B-449E-A08F-944FCB4EF597}.Release|Any CPU.Build.0 = Release|Any CPU
		{DFEB8AD1-AB21-432C-832C-668F3677ADE7}.Debug|Any CPU.ActiveCfg = Debug|Any CPU
		{DFEB8AD1-AB21-432C-832C-668F3677ADE7}.Debug|Any CPU.Build.0 = Debug|Any CPU
		{DFEB8AD1-AB21-432C-832C-668F3677ADE7}.Release|Any CPU.ActiveCfg = Release|Any CPU
		{DFEB8AD1-AB21-432C-832C-668F3677ADE7}.Release|Any CPU.Build.0 = Release|Any CPU
		{0FB6D4DB-6A13-4B73-AA79-160740F1AA52}.Debug|Any CPU.ActiveCfg = Debug|Any CPU
		{0FB6D4DB-6A13-4B73-AA79-160740F1AA52}.Debug|Any CPU.Build.0 = Debug|Any CPU
		{0FB6D4DB-6A13-4B73-AA79-160740F1AA52}.Release|Any CPU.ActiveCfg = Release|Any CPU
		{0FB6D4DB-6A13-4B73-AA79-160740F1AA52}.Release|Any CPU.Build.0 = Release|Any CPU
		{5A30FBC3-554B-43E3-837E-051176BB0958}.Debug|Any CPU.ActiveCfg = Debug|Any CPU
		{5A30FBC3-554B-43E3-837E-051176BB0958}.Debug|Any CPU.Build.0 = Debug|Any CPU
		{5A30FBC3-554B-43E3-837E-051176BB0958}.Release|Any CPU.ActiveCfg = Release|Any CPU
		{5A30FBC3-554B-43E3-837E-051176BB0958}.Release|Any CPU.Build.0 = Release|Any CPU
		{B925D9D4-79B1-45A8-B268-A03B0E67E5D9}.Debug|Any CPU.ActiveCfg = Debug|Any CPU
		{B925D9D4-79B1-45A8-B268-A03B0E67E5D9}.Debug|Any CPU.Build.0 = Debug|Any CPU
		{B925D9D4-79B1-45A8-B268-A03B0E67E5D9}.Release|Any CPU.ActiveCfg = Release|Any CPU
		{B925D9D4-79B1-45A8-B268-A03B0E67E5D9}.Release|Any CPU.Build.0 = Release|Any CPU
		{A377039B-2C47-4C9C-B4A2-D42A0601471C}.Debug|Any CPU.ActiveCfg = Debug|Any CPU
		{A377039B-2C47-4C9C-B4A2-D42A0601471C}.Debug|Any CPU.Build.0 = Debug|Any CPU
		{A377039B-2C47-4C9C-B4A2-D42A0601471C}.Release|Any CPU.ActiveCfg = Release|Any CPU
		{A377039B-2C47-4C9C-B4A2-D42A0601471C}.Release|Any CPU.Build.0 = Release|Any CPU
		{0A899E3F-DEED-4D7F-B98F-0C74D079F4B8}.Debug|Any CPU.ActiveCfg = Debug|Any CPU
		{0A899E3F-DEED-4D7F-B98F-0C74D079F4B8}.Debug|Any CPU.Build.0 = Debug|Any CPU
		{0A899E3F-DEED-4D7F-B98F-0C74D079F4B8}.Release|Any CPU.ActiveCfg = Release|Any CPU
		{0A899E3F-DEED-4D7F-B98F-0C74D079F4B8}.Release|Any CPU.Build.0 = Release|Any CPU
		{5F1B78CE-4D5A-4788-B22F-6A038F495E1D}.Debug|Any CPU.ActiveCfg = Debug|Any CPU
		{5F1B78CE-4D5A-4788-B22F-6A038F495E1D}.Debug|Any CPU.Build.0 = Debug|Any CPU
		{5F1B78CE-4D5A-4788-B22F-6A038F495E1D}.Release|Any CPU.ActiveCfg = Release|Any CPU
		{5F1B78CE-4D5A-4788-B22F-6A038F495E1D}.Release|Any CPU.Build.0 = Release|Any CPU
	EndGlobalSection
	GlobalSection(SolutionProperties) = preSolution
		HideSolutionNode = FALSE
	EndGlobalSection
	GlobalSection(NestedProjects) = preSolution
		{931EE8AB-828E-49FC-BC1D-FC2B05F52D50} = {F6F7E817-1E05-4327-84B3-60C07CC69AF0}
		{03586D25-DD26-4CB6-BCDD-E3BB8B622EA1} = {D10EC8E0-360A-42A9-BA3E-205DD8C202A4}
		{01C25581-9344-4744-B07F-83793D0F63D1} = {D10EC8E0-360A-42A9-BA3E-205DD8C202A4}
		{10024759-118B-449E-A08F-944FCB4EF597} = {F86E1D22-77E3-42E2-9471-23C4E9EA0B30}
		{DFEB8AD1-AB21-432C-832C-668F3677ADE7} = {37392F80-20B8-4A9D-B741-0F99F8E452DE}
		{0FB6D4DB-6A13-4B73-AA79-160740F1AA52} = {37392F80-20B8-4A9D-B741-0F99F8E452DE}
		{5A30FBC3-554B-43E3-837E-051176BB0958} = {19EFE5DF-E8E7-4604-AF6B-FB212A4C4D8B}
		{B925D9D4-79B1-45A8-B268-A03B0E67E5D9} = {19EFE5DF-E8E7-4604-AF6B-FB212A4C4D8B}
		{A377039B-2C47-4C9C-B4A2-D42A0601471C} = {49C2D5E7-52D5-4EED-95B7-7DAF0276D205}
		{0A899E3F-DEED-4D7F-B98F-0C74D079F4B8} = {49C2D5E7-52D5-4EED-95B7-7DAF0276D205}
		{5F1B78CE-4D5A-4788-B22F-6A038F495E1D} = {49C2D5E7-52D5-4EED-95B7-7DAF0276D205}
	EndGlobalSection
EndGlobal
