
Microsoft Visual Studio Solution File, Format Version 12.00
# Visual Studio 15
VisualStudioVersion = 15.0.26228.10
MinimumVisualStudioVersion = 10.0.40219.1
Project("{2150E333-8FDC-42A3-9474-1A3956D46DE8}") = "1. Web", "1. Web", "{F6F7E817-1E05-4327-84B3-60C07CC69AF0}"
EndProject
Project("{9A19103F-16F7-4668-BE54-9A1E7A4F7556}") = "TopCore.Auth", "TopCore.Auth\TopCore.Auth.csproj", "{931EE8AB-828E-49FC-BC1D-FC2B05F52D50}"
EndProject
Project("{2150E333-8FDC-42A3-9474-1A3956D46DE8}") = "2. Service", "2. Service", "{19EFE5DF-E8E7-4604-AF6B-FB212A4C4D8B}"
EndProject
Project("{9A19103F-16F7-4668-BE54-9A1E7A4F7556}") = "TopCore.Auth.Service", "TopCore.Auth.Service\TopCore.Auth.Service.csproj", "{5A30FBC3-554B-43E3-837E-051176BB0958}"
EndProject
Project("{2150E333-8FDC-42A3-9474-1A3956D46DE8}") = "3. Data", "3. Data", "{37392F80-20B8-4A9D-B741-0F99F8E452DE}"
EndProject
Project("{9A19103F-16F7-4668-BE54-9A1E7A4F7556}") = "TopCore.Auth.Data", "TopCore.Auth.Data\TopCore.Auth.Data.csproj", "{6EF082D3-B222-4BBF-90C8-D211DBA3B281}"
EndProject
Project("{2150E333-8FDC-42A3-9474-1A3956D46DE8}") = "Domain", "Domain", "{F86E1D22-77E3-42E2-9471-23C4E9EA0B30}"
EndProject
Project("{9A19103F-16F7-4668-BE54-9A1E7A4F7556}") = "TopCore.Auth.Domain", "TopCore.Auth.Domain\TopCore.Auth.Domain.csproj", "{10024759-118B-449E-A08F-944FCB4EF597}"
EndProject
Project("{2150E333-8FDC-42A3-9474-1A3956D46DE8}") = "Frameworks", "Frameworks", "{49C2D5E7-52D5-4EED-95B7-7DAF0276D205}"
EndProject
Project("{9A19103F-16F7-4668-BE54-9A1E7A4F7556}") = "TopCore.Framework.Core", "..\TopCore.Framework\TopCore.Framework.Core\TopCore.Framework.Core.csproj", "{A377039B-2C47-4C9C-B4A2-D42A0601471C}"
EndProject
Project("{9A19103F-16F7-4668-BE54-9A1E7A4F7556}") = "TopCore.Framework.DependencyInjection", "..\TopCore.Framework\TopCore.Framework.DependencyInjection\TopCore.Framework.DependencyInjection.csproj", "{0A899E3F-DEED-4D7F-B98F-0C74D079F4B8}"
EndProject
Project("{9A19103F-16F7-4668-BE54-9A1E7A4F7556}") = "TopCore.Framework.Web", "..\TopCore.Framework\TopCore.Framework.Web\TopCore.Framework.Web.csproj", "{5F1B78CE-4D5A-4788-B22F-6A038F495E1D}"
EndProject
Project("{FAE04EC0-301F-11D3-BF4B-00C04F79EFBC}") = "TopCore.Framework.EF", "..\TopCore.Framework\TopCore.Framework.EF\TopCore.Framework.EF.csproj", "{41CE9B01-13C2-4D80-B0C9-B78CFC65E129}"
EndProject
Global
	GlobalSection(SolutionConfigurationPlatforms) = preSolution
		Debug|Any CPU = Debug|Any CPU
		Release|Any CPU = Release|Any CPU
	EndGlobalSection
	GlobalSection(ProjectConfigurationPlatforms) = postSolution
		{931EE8AB-828E-49FC-BC1D-FC2B05F52D50}.Debug|Any CPU.ActiveCfg = Debug|Any CPU
		{931EE8AB-828E-49FC-BC1D-FC2B05F52D50}.Debug|Any CPU.Build.0 = Debug|Any CPU
		{931EE8AB-828E-49FC-BC1D-FC2B05F52D50}.Release|Any CPU.ActiveCfg = Release|Any CPU
		{931EE8AB-828E-49FC-BC1D-FC2B05F52D50}.Release|Any CPU.Build.0 = Release|Any CPU
		{5A30FBC3-554B-43E3-837E-051176BB0958}.Debug|Any CPU.ActiveCfg = Debug|Any CPU
		{5A30FBC3-554B-43E3-837E-051176BB0958}.Debug|Any CPU.Build.0 = Debug|Any CPU
		{5A30FBC3-554B-43E3-837E-051176BB0958}.Release|Any CPU.ActiveCfg = Release|Any CPU
		{5A30FBC3-554B-43E3-837E-051176BB0958}.Release|Any CPU.Build.0 = Release|Any CPU
		{6EF082D3-B222-4BBF-90C8-D211DBA3B281}.Debug|Any CPU.ActiveCfg = Debug|Any CPU
		{6EF082D3-B222-4BBF-90C8-D211DBA3B281}.Debug|Any CPU.Build.0 = Debug|Any CPU
		{6EF082D3-B222-4BBF-90C8-D211DBA3B281}.Release|Any CPU.ActiveCfg = Release|Any CPU
		{6EF082D3-B222-4BBF-90C8-D211DBA3B281}.Release|Any CPU.Build.0 = Release|Any CPU
		{10024759-118B-449E-A08F-944FCB4EF597}.Debug|Any CPU.ActiveCfg = Debug|Any CPU
		{10024759-118B-449E-A08F-944FCB4EF597}.Debug|Any CPU.Build.0 = Debug|Any CPU
		{10024759-118B-449E-A08F-944FCB4EF597}.Release|Any CPU.ActiveCfg = Release|Any CPU
		{10024759-118B-449E-A08F-944FCB4EF597}.Release|Any CPU.Build.0 = Release|Any CPU
		{A377039B-2C47-4C9C-B4A2-D42A0601471C}.Debug|Any CPU.ActiveCfg = Debug|Any CPU
		{A377039B-2C47-4C9C-B4A2-D42A0601471C}.Debug|Any CPU.Build.0 = Debug|Any CPU
		{A377039B-2C47-4C9C-B4A2-D42A0601471C}.Release|Any CPU.ActiveCfg = Release|Any CPU
		{A377039B-2C47-4C9C-B4A2-D42A0601471C}.Release|Any CPU.Build.0 = Release|Any CPU
		{0A899E3F-DEED-4D7F-B98F-0C74D079F4B8}.Debug|Any CPU.ActiveCfg = Debug|Any CPU
		{0A899E3F-DEED-4D7F-B98F-0C74D079F4B8}.Debug|Any CPU.Build.0 = Debug|Any CPU
		{0A899E3F-DEED-4D7F-B98F-0C74D079F4B8}.Release|Any CPU.ActiveCfg = Release|Any CPU
		{0A899E3F-DEED-4D7F-B98F-0C74D079F4B8}.Release|Any CPU.Build.0 = Release|Any CPU
		{5F1B78CE-4D5A-4788-B22F-6A038F495E1D}.Debug|Any CPU.ActiveCfg = Debug|Any CPU
		{5F1B78CE-4D5A-4788-B22F-6A038F495E1D}.Debug|Any CPU.Build.0 = Debug|Any CPU
		{5F1B78CE-4D5A-4788-B22F-6A038F495E1D}.Release|Any CPU.ActiveCfg = Release|Any CPU
		{5F1B78CE-4D5A-4788-B22F-6A038F495E1D}.Release|Any CPU.Build.0 = Release|Any CPU
		{41CE9B01-13C2-4D80-B0C9-B78CFC65E129}.Debug|Any CPU.ActiveCfg = Debug|Any CPU
		{41CE9B01-13C2-4D80-B0C9-B78CFC65E129}.Debug|Any CPU.Build.0 = Debug|Any CPU
		{41CE9B01-13C2-4D80-B0C9-B78CFC65E129}.Release|Any CPU.ActiveCfg = Release|Any CPU
		{41CE9B01-13C2-4D80-B0C9-B78CFC65E129}.Release|Any CPU.Build.0 = Release|Any CPU
	EndGlobalSection
	GlobalSection(SolutionProperties) = preSolution
		HideSolutionNode = FALSE
	EndGlobalSection
	GlobalSection(NestedProjects) = preSolution
		{931EE8AB-828E-49FC-BC1D-FC2B05F52D50} = {F6F7E817-1E05-4327-84B3-60C07CC69AF0}
		{5A30FBC3-554B-43E3-837E-051176BB0958} = {19EFE5DF-E8E7-4604-AF6B-FB212A4C4D8B}
		{6EF082D3-B222-4BBF-90C8-D211DBA3B281} = {37392F80-20B8-4A9D-B741-0F99F8E452DE}
		{10024759-118B-449E-A08F-944FCB4EF597} = {F86E1D22-77E3-42E2-9471-23C4E9EA0B30}
		{A377039B-2C47-4C9C-B4A2-D42A0601471C} = {49C2D5E7-52D5-4EED-95B7-7DAF0276D205}
		{0A899E3F-DEED-4D7F-B98F-0C74D079F4B8} = {49C2D5E7-52D5-4EED-95B7-7DAF0276D205}
		{5F1B78CE-4D5A-4788-B22F-6A038F495E1D} = {49C2D5E7-52D5-4EED-95B7-7DAF0276D205}
		{41CE9B01-13C2-4D80-B0C9-B78CFC65E129} = {49C2D5E7-52D5-4EED-95B7-7DAF0276D205}
	EndGlobalSection
EndGlobal
